
Microsoft Visual Studio Solution File, Format Version 12.00
# Visual Studio Version 17
VisualStudioVersion = 17.9.34616.47
MinimumVisualStudioVersion = 10.0.40219.1
Project("{FAE04EC0-301F-11D3-BF4B-00C04F79EFBC}") = "Bug21068", "Bug21068\Bug21068.csproj", "{6CA1CD25-9E1E-4176-8973-9F9113293E8F}"
EndProject
Global
	GlobalSection(SolutionConfigurationPlatforms) = preSolution
		Debug|Any CPU = Debug|Any CPU
		Release|Any CPU = Release|Any CPU
	EndGlobalSection
	GlobalSection(ProjectConfigurationPlatforms) = postSolution
		{6CA1CD25-9E1E-4176-8973-9F9113293E8F}.Debug|Any CPU.ActiveCfg = Debug|Any CPU
		{6CA1CD25-9E1E-4176-8973-9F9113293E8F}.Debug|Any CPU.Build.0 = Debug|Any CPU
		{6CA1CD25-9E1E-4176-8973-9F9113293E8F}.Debug|Any CPU.Deploy.0 = Debug|Any CPU
		{6CA1CD25-9E1E-4176-8973-9F9113293E8F}.Release|Any CPU.ActiveCfg = Release|Any CPU
		{6CA1CD25-9E1E-4176-8973-9F9113293E8F}.Release|Any CPU.Build.0 = Release|Any CPU
		{6CA1CD25-9E1E-4176-8973-9F9113293E8F}.Release|Any CPU.Deploy.0 = Release|Any CPU
	EndGlobalSection
	GlobalSection(SolutionProperties) = preSolution
		HideSolutionNode = FALSE
	EndGlobalSection
	GlobalSection(ExtensibilityGlobals) = postSolution
		SolutionGuid = {663F7406-2D33-4188-80E8-8E3D4BD137B8}
	EndGlobalSection
EndGlobal
